// !$*UTF8*$!
{
	archiveVersion = 1;
	classes = {
	};
	objectVersion = 56;
	objects = {

/* Begin PBXBuildFile section */
		D7A440C22B8B53430068E099 /* AppDelegate.swift in Sources */ = {isa = PBXBuildFile; fileRef = D7A440C12B8B53430068E099 /* AppDelegate.swift */; };
		D7A440C42B8B53430068E099 /* SceneDelegate.swift in Sources */ = {isa = PBXBuildFile; fileRef = D7A440C32B8B53430068E099 /* SceneDelegate.swift */; };
		D7A440C62B8B53430068E099 /* ViewController.swift in Sources */ = {isa = PBXBuildFile; fileRef = D7A440C52B8B53430068E099 /* ViewController.swift */; };
		D7A440C92B8B53430068E099 /* Main.storyboard in Resources */ = {isa = PBXBuildFile; fileRef = D7A440C72B8B53430068E099 /* Main.storyboard */; };
		D7A440CB2B8B53440068E099 /* Assets.xcassets in Resources */ = {isa = PBXBuildFile; fileRef = D7A440CA2B8B53440068E099 /* Assets.xcassets */; };
		D7A440CE2B8B53440068E099 /* LaunchScreen.storyboard in Resources */ = {isa = PBXBuildFile; fileRef = D7A440CC2B8B53440068E099 /* LaunchScreen.storyboard */; };
		D7A440D92B8B53440068E099 /* DelegateTests.swift in Sources */ = {isa = PBXBuildFile; fileRef = D7A440D82B8B53440068E099 /* DelegateTests.swift */; };
		D7A440E32B8B53440068E099 /* DelegateUITests.swift in Sources */ = {isa = PBXBuildFile; fileRef = D7A440E22B8B53440068E099 /* DelegateUITests.swift */; };
		D7A440E52B8B53440068E099 /* DelegateUITestsLaunchTests.swift in Sources */ = {isa = PBXBuildFile; fileRef = D7A440E42B8B53440068E099 /* DelegateUITestsLaunchTests.swift */; };
		D7A440F22B8B5F070068E099 /* TableViewController.swift in Sources */ = {isa = PBXBuildFile; fileRef = D7A440F12B8B5F070068E099 /* TableViewController.swift */; };
/* End PBXBuildFile section */

/* Begin PBXContainerItemProxy section */
		D7A440D52B8B53440068E099 /* PBXContainerItemProxy */ = {
			isa = PBXContainerItemProxy;
			containerPortal = D7A440B62B8B53420068E099 /* Project object */;
			proxyType = 1;
			remoteGlobalIDString = D7A440BD2B8B53430068E099;
			remoteInfo = Delegate;
		};
		D7A440DF2B8B53440068E099 /* PBXContainerItemProxy */ = {
			isa = PBXContainerItemProxy;
			containerPortal = D7A440B62B8B53420068E099 /* Project object */;
			proxyType = 1;
			remoteGlobalIDString = D7A440BD2B8B53430068E099;
			remoteInfo = Delegate;
		};
/* End PBXContainerItemProxy section */

/* Begin PBXFileReference section */
		D7A440BE2B8B53430068E099 /* Delegate.app */ = {isa = PBXFileReference; explicitFileType = wrapper.application; includeInIndex = 0; path = Delegate.app; sourceTree = BUILT_PRODUCTS_DIR; };
		D7A440C12B8B53430068E099 /* AppDelegate.swift */ = {isa = PBXFileReference; lastKnownFileType = sourcecode.swift; path = AppDelegate.swift; sourceTree = "<group>"; };
		D7A440C32B8B53430068E099 /* SceneDelegate.swift */ = {isa = PBXFileReference; lastKnownFileType = sourcecode.swift; path = SceneDelegate.swift; sourceTree = "<group>"; };
		D7A440C52B8B53430068E099 /* ViewController.swift */ = {isa = PBXFileReference; lastKnownFileType = sourcecode.swift; path = ViewController.swift; sourceTree = "<group>"; };
		D7A440C82B8B53430068E099 /* Base */ = {isa = PBXFileReference; lastKnownFileType = file.storyboard; name = Base; path = Base.lproj/Main.storyboard; sourceTree = "<group>"; };
		D7A440CA2B8B53440068E099 /* Assets.xcassets */ = {isa = PBXFileReference; lastKnownFileType = folder.assetcatalog; path = Assets.xcassets; sourceTree = "<group>"; };
		D7A440CD2B8B53440068E099 /* Base */ = {isa = PBXFileReference; lastKnownFileType = file.storyboard; name = Base; path = Base.lproj/LaunchScreen.storyboard; sourceTree = "<group>"; };
		D7A440CF2B8B53440068E099 /* Info.plist */ = {isa = PBXFileReference; lastKnownFileType = text.plist.xml; path = Info.plist; sourceTree = "<group>"; };
		D7A440D42B8B53440068E099 /* DelegateTests.xctest */ = {isa = PBXFileReference; explicitFileType = wrapper.cfbundle; includeInIndex = 0; path = DelegateTests.xctest; sourceTree = BUILT_PRODUCTS_DIR; };
		D7A440D82B8B53440068E099 /* DelegateTests.swift */ = {isa = PBXFileReference; lastKnownFileType = sourcecode.swift; path = DelegateTests.swift; sourceTree = "<group>"; };
		D7A440DE2B8B53440068E099 /* DelegateUITests.xctest */ = {isa = PBXFileReference; explicitFileType = wrapper.cfbundle; includeInIndex = 0; path = DelegateUITests.xctest; sourceTree = BUILT_PRODUCTS_DIR; };
		D7A440E22B8B53440068E099 /* DelegateUITests.swift */ = {isa = PBXFileReference; lastKnownFileType = sourcecode.swift; path = DelegateUITests.swift; sourceTree = "<group>"; };
		D7A440E42B8B53440068E099 /* DelegateUITestsLaunchTests.swift */ = {isa = PBXFileReference; lastKnownFileType = sourcecode.swift; path = DelegateUITestsLaunchTests.swift; sourceTree = "<group>"; };
		D7A440F12B8B5F070068E099 /* TableViewController.swift */ = {isa = PBXFileReference; lastKnownFileType = sourcecode.swift; path = TableViewController.swift; sourceTree = "<group>"; };
/* End PBXFileReference section */

/* Begin PBXFrameworksBuildPhase section */
		D7A440BB2B8B53430068E099 /* Frameworks */ = {
			isa = PBXFrameworksBuildPhase;
			buildActionMask = 2147483647;
			files = (
			);
			runOnlyForDeploymentPostprocessing = 0;
		};
		D7A440D12B8B53440068E099 /* Frameworks */ = {
			isa = PBXFrameworksBuildPhase;
			buildActionMask = 2147483647;
			files = (
			);
			runOnlyForDeploymentPostprocessing = 0;
		};
		D7A440DB2B8B53440068E099 /* Frameworks */ = {
			isa = PBXFrameworksBuildPhase;
			buildActionMask = 2147483647;
			files = (
			);
			runOnlyForDeploymentPostprocessing = 0;
		};
/* End PBXFrameworksBuildPhase section */

/* Begin PBXGroup section */
		D7A440B52B8B53420068E099 = {
			isa = PBXGroup;
			children = (
				D7A440C02B8B53430068E099 /* Delegate */,
				D7A440D72B8B53440068E099 /* DelegateTests */,
				D7A440E12B8B53440068E099 /* DelegateUITests */,
				D7A440BF2B8B53430068E099 /* Products */,
			);
			sourceTree = "<group>";
		};
		D7A440BF2B8B53430068E099 /* Products */ = {
			isa = PBXGroup;
			children = (
				D7A440BE2B8B53430068E099 /* Delegate.app */,
				D7A440D42B8B53440068E099 /* DelegateTests.xctest */,
				D7A440DE2B8B53440068E099 /* DelegateUITests.xctest */,
			);
			name = Products;
			sourceTree = "<group>";
		};
		D7A440C02B8B53430068E099 /* Delegate */ = {
			isa = PBXGroup;
			children = (
				D7A440C12B8B53430068E099 /* AppDelegate.swift */,
				D7A440C32B8B53430068E099 /* SceneDelegate.swift */,
				D7A440C52B8B53430068E099 /* ViewController.swift */,
				D7A440F12B8B5F070068E099 /* TableViewController.swift */,
				D7A440C72B8B53430068E099 /* Main.storyboard */,
				D7A440CA2B8B53440068E099 /* Assets.xcassets */,
				D7A440CC2B8B53440068E099 /* LaunchScreen.storyboard */,
				D7A440CF2B8B53440068E099 /* Info.plist */,
			);
			path = Delegate;
			sourceTree = "<group>";
		};
		D7A440D72B8B53440068E099 /* DelegateTests */ = {
			isa = PBXGroup;
			children = (
				D7A440D82B8B53440068E099 /* DelegateTests.swift */,
			);
			path = DelegateTests;
			sourceTree = "<group>";
		};
		D7A440E12B8B53440068E099 /* DelegateUITests */ = {
			isa = PBXGroup;
			children = (
				D7A440E22B8B53440068E099 /* DelegateUITests.swift */,
				D7A440E42B8B53440068E099 /* DelegateUITestsLaunchTests.swift */,
			);
			path = DelegateUITests;
			sourceTree = "<group>";
		};
/* End PBXGroup section */

/* Begin PBXNativeTarget section */
		D7A440BD2B8B53430068E099 /* Delegate */ = {
			isa = PBXNativeTarget;
			buildConfigurationList = D7A440E82B8B53440068E099 /* Build configuration list for PBXNativeTarget "Delegate" */;
			buildPhases = (
				D7A440BA2B8B53430068E099 /* Sources */,
				D7A440BB2B8B53430068E099 /* Frameworks */,
				D7A440BC2B8B53430068E099 /* Resources */,
			);
			buildRules = (
			);
			dependencies = (
			);
			name = Delegate;
			productName = Delegate;
			productReference = D7A440BE2B8B53430068E099 /* Delegate.app */;
			productType = "com.apple.product-type.application";
		};
		D7A440D32B8B53440068E099 /* DelegateTests */ = {
			isa = PBXNativeTarget;
			buildConfigurationList = D7A440EB2B8B53440068E099 /* Build configuration list for PBXNativeTarget "DelegateTests" */;
			buildPhases = (
				D7A440D02B8B53440068E099 /* Sources */,
				D7A440D12B8B53440068E099 /* Frameworks */,
				D7A440D22B8B53440068E099 /* Resources */,
			);
			buildRules = (
			);
			dependencies = (
				D7A440D62B8B53440068E099 /* PBXTargetDependency */,
			);
			name = DelegateTests;
			productName = DelegateTests;
			productReference = D7A440D42B8B53440068E099 /* DelegateTests.xctest */;
			productType = "com.apple.product-type.bundle.unit-test";
		};
		D7A440DD2B8B53440068E099 /* DelegateUITests */ = {
			isa = PBXNativeTarget;
			buildConfigurationList = D7A440EE2B8B53440068E099 /* Build configuration list for PBXNativeTarget "DelegateUITests" */;
			buildPhases = (
				D7A440DA2B8B53440068E099 /* Sources */,
				D7A440DB2B8B53440068E099 /* Frameworks */,
				D7A440DC2B8B53440068E099 /* Resources */,
			);
			buildRules = (
			);
			dependencies = (
				D7A440E02B8B53440068E099 /* PBXTargetDependency */,
			);
			name = DelegateUITests;
			productName = DelegateUITests;
			productReference = D7A440DE2B8B53440068E099 /* DelegateUITests.xctest */;
			productType = "com.apple.product-type.bundle.ui-testing";
		};
/* End PBXNativeTarget section */

/* Begin PBXProject section */
		D7A440B62B8B53420068E099 /* Project object */ = {
			isa = PBXProject;
			attributes = {
				BuildIndependentTargetsInParallel = 1;
				LastSwiftUpdateCheck = 1520;
				LastUpgradeCheck = 1520;
				TargetAttributes = {
					D7A440BD2B8B53430068E099 = {
						CreatedOnToolsVersion = 15.2;
					};
					D7A440D32B8B53440068E099 = {
						CreatedOnToolsVersion = 15.2;
						TestTargetID = D7A440BD2B8B53430068E099;
					};
					D7A440DD2B8B53440068E099 = {
						CreatedOnToolsVersion = 15.2;
						TestTargetID = D7A440BD2B8B53430068E099;
					};
				};
			};
			buildConfigurationList = D7A440B92B8B53420068E099 /* Build configuration list for PBXProject "Delegate" */;
			compatibilityVersion = "Xcode 14.0";
			developmentRegion = en;
			hasScannedForEncodings = 0;
			knownRegions = (
				en,
				Base,
			);
			mainGroup = D7A440B52B8B53420068E099;
			productRefGroup = D7A440BF2B8B53430068E099 /* Products */;
			projectDirPath = "";
			projectRoot = "";
			targets = (
				D7A440BD2B8B53430068E099 /* Delegate */,
				D7A440D32B8B53440068E099 /* DelegateTests */,
				D7A440DD2B8B53440068E099 /* DelegateUITests */,
			);
		};
/* End PBXProject section */

/* Begin PBXResourcesBuildPhase section */
		D7A440BC2B8B53430068E099 /* Resources */ = {
			isa = PBXResourcesBuildPhase;
			buildActionMask = 2147483647;
			files = (
				D7A440CE2B8B53440068E099 /* LaunchScreen.storyboard in Resources */,
				D7A440CB2B8B53440068E099 /* Assets.xcassets in Resources */,
				D7A440C92B8B53430068E099 /* Main.storyboard in Resources */,
			);
			runOnlyForDeploymentPostprocessing = 0;
		};
		D7A440D22B8B53440068E099 /* Resources */ = {
			isa = PBXResourcesBuildPhase;
			buildActionMask = 2147483647;
			files = (
			);
			runOnlyForDeploymentPostprocessing = 0;
		};
		D7A440DC2B8B53440068E099 /* Resources */ = {
			isa = PBXResourcesBuildPhase;
			buildActionMask = 2147483647;
			files = (
			);
			runOnlyForDeploymentPostprocessing = 0;
		};
/* End PBXResourcesBuildPhase section */

/* Begin PBXSourcesBuildPhase section */
		D7A440BA2B8B53430068E099 /* Sources */ = {
			isa = PBXSourcesBuildPhase;
			buildActionMask = 2147483647;
			files = (
				D7A440C62B8B53430068E099 /* ViewController.swift in Sources */,
				D7A440C22B8B53430068E099 /* AppDelegate.swift in Sources */,
				D7A440C42B8B53430068E099 /* SceneDelegate.swift in Sources */,
				D7A440F22B8B5F070068E099 /* TableViewController.swift in Sources */,
			);
			runOnlyForDeploymentPostprocessing = 0;
		};
		D7A440D02B8B53440068E099 /* Sources */ = {
			isa = PBXSourcesBuildPhase;
			buildActionMask = 2147483647;
			files = (
				D7A440D92B8B53440068E099 /* DelegateTests.swift in Sources */,
			);
			runOnlyForDeploymentPostprocessing = 0;
		};
		D7A440DA2B8B53440068E099 /* Sources */ = {
			isa = PBXSourcesBuildPhase;
			buildActionMask = 2147483647;
			files = (
				D7A440E52B8B53440068E099 /* DelegateUITestsLaunchTests.swift in Sources */,
				D7A440E32B8B53440068E099 /* DelegateUITests.swift in Sources */,
			);
			runOnlyForDeploymentPostprocessing = 0;
		};
/* End PBXSourcesBuildPhase section */

/* Begin PBXTargetDependency section */
		D7A440D62B8B53440068E099 /* PBXTargetDependency */ = {
			isa = PBXTargetDependency;
			target = D7A440BD2B8B53430068E099 /* Delegate */;
			targetProxy = D7A440D52B8B53440068E099 /* PBXContainerItemProxy */;
		};
		D7A440E02B8B53440068E099 /* PBXTargetDependency */ = {
			isa = PBXTargetDependency;
			target = D7A440BD2B8B53430068E099 /* Delegate */;
			targetProxy = D7A440DF2B8B53440068E099 /* PBXContainerItemProxy */;
		};
/* End PBXTargetDependency section */

/* Begin PBXVariantGroup section */
		D7A440C72B8B53430068E099 /* Main.storyboard */ = {
			isa = PBXVariantGroup;
			children = (
				D7A440C82B8B53430068E099 /* Base */,
			);
			name = Main.storyboard;
			sourceTree = "<group>";
		};
		D7A440CC2B8B53440068E099 /* LaunchScreen.storyboard */ = {
			isa = PBXVariantGroup;
			children = (
				D7A440CD2B8B53440068E099 /* Base */,
			);
			name = LaunchScreen.storyboard;
			sourceTree = "<group>";
		};
/* End PBXVariantGroup section */

/* Begin XCBuildConfiguration section */
		D7A440E62B8B53440068E099 /* Debug */ = {
			isa = XCBuildConfiguration;
			buildSettings = {
				ALWAYS_SEARCH_USER_PATHS = NO;
				ASSETCATALOG_COMPILER_GENERATE_SWIFT_ASSET_SYMBOL_EXTENSIONS = YES;
				CLANG_ANALYZER_NONNULL = YES;
				CLANG_ANALYZER_NUMBER_OBJECT_CONVERSION = YES_AGGRESSIVE;
				CLANG_CXX_LANGUAGE_STANDARD = "gnu++20";
				CLANG_ENABLE_MODULES = YES;
				CLANG_ENABLE_OBJC_ARC = YES;
				CLANG_ENABLE_OBJC_WEAK = YES;
				CLANG_WARN_BLOCK_CAPTURE_AUTORELEASING = YES;
				CLANG_WARN_BOOL_CONVERSION = YES;
				CLANG_WARN_COMMA = YES;
				CLANG_WARN_CONSTANT_CONVERSION = YES;
				CLANG_WARN_DEPRECATED_OBJC_IMPLEMENTATIONS = YES;
				CLANG_WARN_DIRECT_OBJC_ISA_USAGE = YES_ERROR;
				CLANG_WARN_DOCUMENTATION_COMMENTS = YES;
				CLANG_WARN_EMPTY_BODY = YES;
				CLANG_WARN_ENUM_CONVERSION = YES;
				CLANG_WARN_INFINITE_RECURSION = YES;
				CLANG_WARN_INT_CONVERSION = YES;
				CLANG_WARN_NON_LITERAL_NULL_CONVERSION = YES;
				CLANG_WARN_OBJC_IMPLICIT_RETAIN_SELF = YES;
				CLANG_WARN_OBJC_LITERAL_CONVERSION = YES;
				CLANG_WARN_OBJC_ROOT_CLASS = YES_ERROR;
				CLANG_WARN_QUOTED_INCLUDE_IN_FRAMEWORK_HEADER = YES;
				CLANG_WARN_RANGE_LOOP_ANALYSIS = YES;
				CLANG_WARN_STRICT_PROTOTYPES = YES;
				CLANG_WARN_SUSPICIOUS_MOVE = YES;
				CLANG_WARN_UNGUARDED_AVAILABILITY = YES_AGGRESSIVE;
				CLANG_WARN_UNREACHABLE_CODE = YES;
				CLANG_WARN__DUPLICATE_METHOD_MATCH = YES;
				COPY_PHASE_STRIP = NO;
				DEBUG_INFORMATION_FORMAT = dwarf;
				ENABLE_STRICT_OBJC_MSGSEND = YES;
				ENABLE_TESTABILITY = YES;
				ENABLE_USER_SCRIPT_SANDBOXING = YES;
				GCC_C_LANGUAGE_STANDARD = gnu17;
				GCC_DYNAMIC_NO_PIC = NO;
				GCC_NO_COMMON_BLOCKS = YES;
				GCC_OPTIMIZATION_LEVEL = 0;
				GCC_PREPROCESSOR_DEFINITIONS = (
					"DEBUG=1",
					"$(inherited)",
				);
				GCC_WARN_64_TO_32_BIT_CONVERSION = YES;
				GCC_WARN_ABOUT_RETURN_TYPE = YES_ERROR;
				GCC_WARN_UNDECLARED_SELECTOR = YES;
				GCC_WARN_UNINITIALIZED_AUTOS = YES_AGGRESSIVE;
				GCC_WARN_UNUSED_FUNCTION = YES;
				GCC_WARN_UNUSED_VARIABLE = YES;
				IPHONEOS_DEPLOYMENT_TARGET = 17.2;
				LOCALIZATION_PREFERS_STRING_CATALOGS = YES;
				MTL_ENABLE_DEBUG_INFO = INCLUDE_SOURCE;
				MTL_FAST_MATH = YES;
				ONLY_ACTIVE_ARCH = YES;
				SDKROOT = iphoneos;
				SWIFT_ACTIVE_COMPILATION_CONDITIONS = "DEBUG $(inherited)";
				SWIFT_OPTIMIZATION_LEVEL = "-Onone";
			};
			name = Debug;
		};
		D7A440E72B8B53440068E099 /* Release */ = {
			isa = XCBuildConfiguration;
			buildSettings = {
				ALWAYS_SEARCH_USER_PATHS = NO;
				ASSETCATALOG_COMPILER_GENERATE_SWIFT_ASSET_SYMBOL_EXTENSIONS = YES;
				CLANG_ANALYZER_NONNULL = YES;
				CLANG_ANALYZER_NUMBER_OBJECT_CONVERSION = YES_AGGRESSIVE;
				CLANG_CXX_LANGUAGE_STANDARD = "gnu++20";
				CLANG_ENABLE_MODULES = YES;
				CLANG_ENABLE_OBJC_ARC = YES;
				CLANG_ENABLE_OBJC_WEAK = YES;
				CLANG_WARN_BLOCK_CAPTURE_AUTORELEASING = YES;
				CLANG_WARN_BOOL_CONVERSION = YES;
				CLANG_WARN_COMMA = YES;
				CLANG_WARN_CONSTANT_CONVERSION = YES;
				CLANG_WARN_DEPRECATED_OBJC_IMPLEMENTATIONS = YES;
				CLANG_WARN_DIRECT_OBJC_ISA_USAGE = YES_ERROR;
				CLANG_WARN_DOCUMENTATION_COMMENTS = YES;
				CLANG_WARN_EMPTY_BODY = YES;
				CLANG_WARN_ENUM_CONVERSION = YES;
				CLANG_WARN_INFINITE_RECURSION = YES;
				CLANG_WARN_INT_CONVERSION = YES;
				CLANG_WARN_NON_LITERAL_NULL_CONVERSION = YES;
				CLANG_WARN_OBJC_IMPLICIT_RETAIN_SELF = YES;
				CLANG_WARN_OBJC_LITERAL_CONVERSION = YES;
				CLANG_WARN_OBJC_ROOT_CLASS = YES_ERROR;
				CLANG_WARN_QUOTED_INCLUDE_IN_FRAMEWORK_HEADER = YES;
				CLANG_WARN_RANGE_LOOP_ANALYSIS = YES;
				CLANG_WARN_STRICT_PROTOTYPES = YES;
				CLANG_WARN_SUSPICIOUS_MOVE = YES;
				CLANG_WARN_UNGUARDED_AVAILABILITY = YES_AGGRESSIVE;
				CLANG_WARN_UNREACHABLE_CODE = YES;
				CLANG_WARN__DUPLICATE_METHOD_MATCH = YES;
				COPY_PHASE_STRIP = NO;
				DEBUG_INFORMATION_FORMAT = "dwarf-with-dsym";
				ENABLE_NS_ASSERTIONS = NO;
				ENABLE_STRICT_OBJC_MSGSEND = YES;
				ENABLE_USER_SCRIPT_SANDBOXING = YES;
				GCC_C_LANGUAGE_STANDARD = gnu17;
				GCC_NO_COMMON_BLOCKS = YES;
				GCC_WARN_64_TO_32_BIT_CONVERSION = YES;
				GCC_WARN_ABOUT_RETURN_TYPE = YES_ERROR;
				GCC_WARN_UNDECLARED_SELECTOR = YES;
				GCC_WARN_UNINITIALIZED_AUTOS = YES_AGGRESSIVE;
				GCC_WARN_UNUSED_FUNCTION = YES;
				GCC_WARN_UNUSED_VARIABLE = YES;
				IPHONEOS_DEPLOYMENT_TARGET = 17.2;
				LOCALIZATION_PREFERS_STRING_CATALOGS = YES;
				MTL_ENABLE_DEBUG_INFO = NO;
				MTL_FAST_MATH = YES;
				SDKROOT = iphoneos;
				SWIFT_COMPILATION_MODE = wholemodule;
				VALIDATE_PRODUCT = YES;
			};
			name = Release;
		};
		D7A440E92B8B53440068E099 /* Debug */ = {
			isa = XCBuildConfiguration;
			buildSettings = {
				ASSETCATALOG_COMPILER_APPICON_NAME = AppIcon;
				ASSETCATALOG_COMPILER_GLOBAL_ACCENT_COLOR_NAME = AccentColor;
				CODE_SIGN_STYLE = Automatic;
				CURRENT_PROJECT_VERSION = 1;
				GENERATE_INFOPLIST_FILE = YES;
				INFOPLIST_FILE = Delegate/Info.plist;
				INFOPLIST_KEY_UIApplicationSupportsIndirectInputEvents = YES;
				INFOPLIST_KEY_UILaunchStoryboardName = LaunchScreen;
				INFOPLIST_KEY_UIMainStoryboardFile = Main;
				INFOPLIST_KEY_UISupportedInterfaceOrientations_iPad = "UIInterfaceOrientationPortrait UIInterfaceOrientationPortraitUpsideDown UIInterfaceOrientationLandscapeLeft UIInterfaceOrientationLandscapeRight";
				INFOPLIST_KEY_UISupportedInterfaceOrientations_iPhone = "UIInterfaceOrientationPortrait UIInterfaceOrientationLandscapeLeft UIInterfaceOrientationLandscapeRight";
				LD_RUNPATH_SEARCH_PATHS = (
					"$(inherited)",
					"@executable_path/Frameworks",
				);
				MARKETING_VERSION = 1.0;
				PRODUCT_BUNDLE_IDENTIFIER = Ospanbekov.Zhandos.Delegate;
				PRODUCT_NAME = "$(TARGET_NAME)";
				SWIFT_EMIT_LOC_STRINGS = YES;
				SWIFT_VERSION = 5.0;
				TARGETED_DEVICE_FAMILY = "1,2";
			};
			name = Debug;
		};
		D7A440EA2B8B53440068E099 /* Release */ = {
			isa = XCBuildConfiguration;
			buildSettings = {
				ASSETCATALOG_COMPILER_APPICON_NAME = AppIcon;
				ASSETCATALOG_COMPILER_GLOBAL_ACCENT_COLOR_NAME = AccentColor;
				CODE_SIGN_STYLE = Automatic;
				CURRENT_PROJECT_VERSION = 1;
				GENERATE_INFOPLIST_FILE = YES;
				INFOPLIST_FILE = Delegate/Info.plist;
				INFOPLIST_KEY_UIApplicationSupportsIndirectInputEvents = YES;
				INFOPLIST_KEY_UILaunchStoryboardName = LaunchScreen;
				INFOPLIST_KEY_UIMainStoryboardFile = Main;
				INFOPLIST_KEY_UISupportedInterfaceOrientations_iPad = "UIInterfaceOrientationPortrait UIInterfaceOrientationPortraitUpsideDown UIInterfaceOrientationLandscapeLeft UIInterfaceOrientationLandscapeRight";
				INFOPLIST_KEY_UISupportedInterfaceOrientations_iPhone = "UIInterfaceOrientationPortrait UIInterfaceOrientationLandscapeLeft UIInterfaceOrientationLandscapeRight";
				LD_RUNPATH_SEARCH_PATHS = (
					"$(inherited)",
					"@executable_path/Frameworks",
				);
				MARKETING_VERSION = 1.0;
				PRODUCT_BUNDLE_IDENTIFIER = Ospanbekov.Zhandos.Delegate;
				PRODUCT_NAME = "$(TARGET_NAME)";
				SWIFT_EMIT_LOC_STRINGS = YES;
				SWIFT_VERSION = 5.0;
				TARGETED_DEVICE_FAMILY = "1,2";
			};
			name = Release;
		};
		D7A440EC2B8B53440068E099 /* Debug */ = {
			isa = XCBuildConfiguration;
			buildSettings = {
				ALWAYS_EMBED_SWIFT_STANDARD_LIBRARIES = YES;
				BUNDLE_LOADER = "$(TEST_HOST)";
				CODE_SIGN_STYLE = Automatic;
				CURRENT_PROJECT_VERSION = 1;
				GENERATE_INFOPLIST_FILE = YES;
				IPHONEOS_DEPLOYMENT_TARGET = 17.2;
				MARKETING_VERSION = 1.0;
				PRODUCT_BUNDLE_IDENTIFIER = Ospanbekov.Zhandos.DelegateTests;
				PRODUCT_NAME = "$(TARGET_NAME)";
				SWIFT_EMIT_LOC_STRINGS = NO;
				SWIFT_VERSION = 5.0;
				TARGETED_DEVICE_FAMILY = "1,2";
				TEST_HOST = "$(BUILT_PRODUCTS_DIR)/Delegate.app/$(BUNDLE_EXECUTABLE_FOLDER_PATH)/Delegate";
			};
			name = Debug;
		};
		D7A440ED2B8B53440068E099 /* Release */ = {
			isa = XCBuildConfiguration;
			buildSettings = {
				ALWAYS_EMBED_SWIFT_STANDARD_LIBRARIES = YES;
				BUNDLE_LOADER = "$(TEST_HOST)";
				CODE_SIGN_STYLE = Automatic;
				CURRENT_PROJECT_VERSION = 1;
				GENERATE_INFOPLIST_FILE = YES;
				IPHONEOS_DEPLOYMENT_TARGET = 17.2;
				MARKETING_VERSION = 1.0;
				PRODUCT_BUNDLE_IDENTIFIER = Ospanbekov.Zhandos.DelegateTests;
				PRODUCT_NAME = "$(TARGET_NAME)";
				SWIFT_EMIT_LOC_STRINGS = NO;
				SWIFT_VERSION = 5.0;
				TARGETED_DEVICE_FAMILY = "1,2";
				TEST_HOST = "$(BUILT_PRODUCTS_DIR)/Delegate.app/$(BUNDLE_EXECUTABLE_FOLDER_PATH)/Delegate";
			};
			name = Release;
		};
		D7A440EF2B8B53440068E099 /* Debug */ = {
			isa = XCBuildConfiguration;
			buildSettings = {
				ALWAYS_EMBED_SWIFT_STANDARD_LIBRARIES = YES;
				CODE_SIGN_STYLE = Automatic;
				CURRENT_PROJECT_VERSION = 1;
				GENERATE_INFOPLIST_FILE = YES;
				MARKETING_VERSION = 1.0;
				PRODUCT_BUNDLE_IDENTIFIER = Ospanbekov.Zhandos.DelegateUITests;
				PRODUCT_NAME = "$(TARGET_NAME)";
				SWIFT_EMIT_LOC_STRINGS = NO;
				SWIFT_VERSION = 5.0;
				TARGETED_DEVICE_FAMILY = "1,2";
				TEST_TARGET_NAME = Delegate;
			};
			name = Debug;
		};
		D7A440F02B8B53440068E099 /* Release */ = {
			isa = XCBuildConfiguration;
			buildSettings = {
				ALWAYS_EMBED_SWIFT_STANDARD_LIBRARIES = YES;
				CODE_SIGN_STYLE = Automatic;
				CURRENT_PROJECT_VERSION = 1;
				GENERATE_INFOPLIST_FILE = YES;
				MARKETING_VERSION = 1.0;
				PRODUCT_BUNDLE_IDENTIFIER = Ospanbekov.Zhandos.DelegateUITests;
				PRODUCT_NAME = "$(TARGET_NAME)";
				SWIFT_EMIT_LOC_STRINGS = NO;
				SWIFT_VERSION = 5.0;
				TARGETED_DEVICE_FAMILY = "1,2";
				TEST_TARGET_NAME = Delegate;
			};
			name = Release;
		};
/* End XCBuildConfiguration section */

/* Begin XCConfigurationList section */
		D7A440B92B8B53420068E099 /* Build configuration list for PBXProject "Delegate" */ = {
			isa = XCConfigurationList;
			buildConfigurations = (
				D7A440E62B8B53440068E099 /* Debug */,
				D7A440E72B8B53440068E099 /* Release */,
			);
			defaultConfigurationIsVisible = 0;
			defaultConfigurationName = Release;
		};
		D7A440E82B8B53440068E099 /* Build configuration list for PBXNativeTarget "Delegate" */ = {
			isa = XCConfigurationList;
			buildConfigurations = (
				D7A440E92B8B53440068E099 /* Debug */,
				D7A440EA2B8B53440068E099 /* Release */,
			);
			defaultConfigurationIsVisible = 0;
			defaultConfigurationName = Release;
		};
		D7A440EB2B8B53440068E099 /* Build configuration list for PBXNativeTarget "DelegateTests" */ = {
			isa = XCConfigurationList;
			buildConfigurations = (
				D7A440EC2B8B53440068E099 /* Debug */,
				D7A440ED2B8B53440068E099 /* Release */,
			);
			defaultConfigurationIsVisible = 0;
			defaultConfigurationName = Release;
		};
		D7A440EE2B8B53440068E099 /* Build configuration list for PBXNativeTarget "DelegateUITests" */ = {
			isa = XCConfigurationList;
			buildConfigurations = (
				D7A440EF2B8B53440068E099 /* Debug */,
				D7A440F02B8B53440068E099 /* Release */,
			);
			defaultConfigurationIsVisible = 0;
			defaultConfigurationName = Release;
		};
/* End XCConfigurationList section */
	};
	rootObject = D7A440B62B8B53420068E099 /* Project object */;
}
